Microsoft Visual Studio Solution File, Format Version 11.00
# Visual Studio 2008

Project("{98A4190F-153F-6C76-E43E-0E1A5013DA9B}") = "Node-Defense", "Assembly-CSharp.csproj", "{58B06F55-3E7C-522D-9B07-C34E8141E207}"
EndProject
Global
	GlobalSection(SolutionConfigurationPlatforms) = preSolution
		Debug|Any CPU = Debug|Any CPU
		Release|Any CPU = Release|Any CPU
	EndGlobalSection
	GlobalSection(ProjectConfigurationPlatforms) = postSolution
		{58B06F55-3E7C-522D-9B07-C34E8141E207}.Debug|Any CPU.ActiveCfg = Debug|Any CPU
		{58B06F55-3E7C-522D-9B07-C34E8141E207}.Debug|Any CPU.Build.0 = Debug|Any CPU
		{58B06F55-3E7C-522D-9B07-C34E8141E207}.Release|Any CPU.ActiveCfg = Release|Any CPU
		{58B06F55-3E7C-522D-9B07-C34E8141E207}.Release|Any CPU.Build.0 = Release|Any CPU
	EndGlobalSection
	GlobalSection(SolutionProperties) = preSolution
		HideSolutionNode = FALSE
	EndGlobalSection
	GlobalSection(MonoDevelopProperties) = preSolution
		StartupItem = Assembly-CSharp.csproj
	EndGlobalSection
EndGlobal
